schema: '2.0'
stages:
  data_ingestion:
    cmd: python src/data_ingestion.py
    deps:
    - path: src/data_ingestion.py
      hash: md5
      md5: 6a4f3996203306edcf8f43562e9de613
      size: 2912
    outs:
    - path: data/raw
      hash: md5
      md5: faa731f35ea341df6288539e3619c59a.dir
      size: 479272
      nfiles: 2
  data_preprocessing:
    cmd: python src/data_preprocessing.py
    deps:
    - path: data/raw
      hash: md5
      md5: faa731f35ea341df6288539e3619c59a.dir
      size: 479272
      nfiles: 2
    - path: src/data_preprocessing.py
      hash: md5
      md5: 9d22967152cb4fc67ef6ae261e9a5ddc
      size: 3040
    outs:
    - path: data/interim
      hash: md5
      md5: d09aeab3a28aac88c98c394d8da77475.dir
      size: 255240
      nfiles: 2
  feature_engineering:
    cmd: python src/feature_engineering.py
    deps:
    - path: data/interim
      hash: md5
      md5: d09aeab3a28aac88c98c394d8da77475.dir
      size: 255240
      nfiles: 2
    - path: src/feature_engineering.py
      hash: md5
      md5: 2c701fa07b1c308507abcd1603fc0f08
      size: 3054
    outs:
    - path: data/processed
      hash: md5
      md5: 39a53ba4d68436dfa63a8bc95ee8a0aa.dir
      size: 1175531
      nfiles: 2
  model_building:
    cmd: python src/model_building.py
    deps:
    - path: data/processed
      hash: md5
      md5: 39a53ba4d68436dfa63a8bc95ee8a0aa.dir
      size: 1175531
      nfiles: 2
    - path: src/model_building.py
      hash: md5
      md5: 462afd24885dcad78309b319efe414ef
      size: 3116
    outs:
    - path: model/model.pkl
      hash: md5
      md5: c0af0d2c2986f2e969443fd992281607
      size: 992619
  model_evaluation:
    cmd: python src/model_evaluation.py
    deps:
    - path: model/model.pkl
      hash: md5
      md5: c0af0d2c2986f2e969443fd992281607
      size: 992619
    - path: src/model_evaluation.py
      hash: md5
      md5: 3f5ac12340efb97004e4f3114a86f690
      size: 3243
    outs:
    - path: reports/metrics.json
      hash: md5
      md5: c7a8c64c4e705ca2fc471b4b749840fd
      size: 127
